// !$*UTF8*$!
{
	archiveVersion = 1;
	classes = {
	};
	objectVersion = 54;
	objects = {

/* Begin PBXBuildFile section */
		00E356F31AD99517003FC87E /* TMDBTests.m in Sources */ = {isa = PBXBuildFile; fileRef = 00E356F21AD99517003FC87E /* TMDBTests.m */; };
		0C80B921A6F3F58F76C31292 /* libPods-TMDB.a in Frameworks */ = {isa = PBXBuildFile; fileRef = 5DCACB8F33CDC322A6C60F78 /* libPods-TMDB.a */; };
		13B07FBC1A68108700A75B9A /* AppDelegate.mm in Sources */ = {isa = PBXBuildFile; fileRef = 13B07FB01A68108700A75B9A /* AppDelegate.mm */; };
		13B07FBF1A68108700A75B9A /* Images.xcassets in Resources */ = {isa = PBXBuildFile; fileRef = 13B07FB51A68108700A75B9A /* Images.xcassets */; };
		13B07FC11A68108700A75B9A /* main.m in Sources */ = {isa = PBXBuildFile; fileRef = 13B07FB71A68108700A75B9A /* main.m */; };
		7699B88040F8A987B510C191 /* libPods-TMDB-TMDBTests.a in Frameworks */ = {isa = PBXBuildFile; fileRef = 19F6CBCC0A4E27FBF8BF4A61 /* libPods-TMDB-TMDBTests.a */; };
		81AB9BB82411601600AC10FF /* LaunchScreen.storyboard in Resources */ = {isa = PBXBuildFile; fileRef = 81AB9BB72411601600AC10FF /* LaunchScreen.storyboard */; };
		2F25712001B9415183836224 /* Merriweather-Black.ttf in Resources */ = {isa = PBXBuildFile; fileRef = A2C910DA49A24843B9023A19 /* Merriweather-Black.ttf */; };
		01BC99713E1F447B9EA435EC /* Merriweather-BlackItalic.ttf in Resources */ = {isa = PBXBuildFile; fileRef = 1466851D97D84E7EA42E7F34 /* Merriweather-BlackItalic.ttf */; };
		715FA21E594E47F495AA6D0A /* Merriweather-Bold.ttf in Resources */ = {isa = PBXBuildFile; fileRef = 55171555FEC2413782BB3B96 /* Merriweather-Bold.ttf */; };
		AFA5669362564FEA9A8627BB /* Merriweather-BoldItalic.ttf in Resources */ = {isa = PBXBuildFile; fileRef = 086D5E2493404B1FBDBD8771 /* Merriweather-BoldItalic.ttf */; };
		D838303BA9AC410E86CC0BDD /* Merriweather-Italic.ttf in Resources */ = {isa = PBXBuildFile; fileRef = FE14160CA8954915BCB09644 /* Merriweather-Italic.ttf */; };
		01D6ADC746464A049B2B7A1A /* Merriweather-Light.ttf in Resources */ = {isa = PBXBuildFile; fileRef = F9023249D1184292A6F48CAF /* Merriweather-Light.ttf */; };
		3AAB8C9D28CD414A921FFD60 /* Merriweather-LightItalic.ttf in Resources */ = {isa = PBXBuildFile; fileRef = C66D2957BC454A18A6E5277B /* Merriweather-LightItalic.ttf */; };
		6BF62BAEF14149D5B9519274 /* Merriweather-Regular.ttf in Resources */ = {isa = PBXBuildFile; fileRef = 2E2CB5E2B09F4B448EBF723E /* Merriweather-Regular.ttf */; };
		ED226AFEC20E431381553EE7 /* OFL.txt in Resources */ = {isa = PBXBuildFile; fileRef = 47599710082740FE9723C983 /* OFL.txt */; };
		BD58F2125BD34ACC9D43C6C7 /* Mulish-Black.ttf in Resources */ = {isa = PBXBuildFile; fileRef = A9D7106DBD564E5F8666D26F /* Mulish-Black.ttf */; };
		6ACE92B59DE14B26806209CC /* Mulish-BlackItalic.ttf in Resources */ = {isa = PBXBuildFile; fileRef = F20E17E9B7A144C89F526AD5 /* Mulish-BlackItalic.ttf */; };
		FC11728F71644A87ADED0D15 /* Mulish-Bold.ttf in Resources */ = {isa = PBXBuildFile; fileRef = AB9AEC406902418A8D9F9999 /* Mulish-Bold.ttf */; };
		FD599352CFED4B8586B2A3B5 /* Mulish-BoldItalic.ttf in Resources */ = {isa = PBXBuildFile; fileRef = 6288FF0AF92E467A8BFD6DCF /* Mulish-BoldItalic.ttf */; };
		C840AE40CC9549B592771FC5 /* Mulish-ExtraBold.ttf in Resources */ = {isa = PBXBuildFile; fileRef = 5E67C1F8C379438A86755DFD /* Mulish-ExtraBold.ttf */; };
		D0E3D85A8559474DACCE521A /* Mulish-ExtraBoldItalic.ttf in Resources */ = {isa = PBXBuildFile; fileRef = 735654B90EDC4019A31D7B34 /* Mulish-ExtraBoldItalic.ttf */; };
		AD9996121EBA411C811D61E2 /* Mulish-ExtraLight.ttf in Resources */ = {isa = PBXBuildFile; fileRef = 5A80A6012BE64C768624ED63 /* Mulish-ExtraLight.ttf */; };
		CB4FB34355744F5DB424E94B /* Mulish-ExtraLightItalic.ttf in Resources */ = {isa = PBXBuildFile; fileRef = 9BD22651AF64497CA7E349E5 /* Mulish-ExtraLightItalic.ttf */; };
		ABDFCB40BF8E4C738F5331BD /* Mulish-Italic.ttf in Resources */ = {isa = PBXBuildFile; fileRef = 54526D3296224E0B8392DF3D /* Mulish-Italic.ttf */; };
		1011CFBACDA84EAFB85FC2A0 /* Mulish-Light.ttf in Resources */ = {isa = PBXBuildFile; fileRef = DC877FFA3D534AC98BE2D191 /* Mulish-Light.ttf */; };
		705088631C1F4D43ADD3E56B /* Mulish-LightItalic.ttf in Resources */ = {isa = PBXBuildFile; fileRef = 685CB24D60AB4C6D9A382217 /* Mulish-LightItalic.ttf */; };
		8E61B7B3F3B146A98BF82FD8 /* Mulish-Medium.ttf in Resources */ = {isa = PBXBuildFile; fileRef = BE68171802AD41D1AE60D68F /* Mulish-Medium.ttf */; };
		E2D021BFF34840ADBBBC0635 /* Mulish-MediumItalic.ttf in Resources */ = {isa = PBXBuildFile; fileRef = 63552C78A87E44628FFB10AC /* Mulish-MediumItalic.ttf */; };
		1D1F85DE491F4048A3B3688A /* Mulish-Regular.ttf in Resources */ = {isa = PBXBuildFile; fileRef = 3118841A858A45F3A8B26235 /* Mulish-Regular.ttf */; };
		F4F5C49E7B014B3EBCD1CEEA /* Mulish-SemiBold.ttf in Resources */ = {isa = PBXBuildFile; fileRef = 330309EF96F94E368B92AC6F /* Mulish-SemiBold.ttf */; };
		00A18109B69149E3B33718AC /* Mulish-SemiBoldItalic.ttf in Resources */ = {isa = PBXBuildFile; fileRef = 4428B71AA18E47C9B1E806E2 /* Mulish-SemiBoldItalic.ttf */; };
/* End PBXBuildFile section */

/* Begin PBXContainerItemProxy section */
		00E356F41AD99517003FC87E /* PBXContainerItemProxy */ = {
			isa = PBXContainerItemProxy;
			containerPortal = 83CBB9F71A601CBA00E9B192 /* Project object */;
			proxyType = 1;
			remoteGlobalIDString = 13B07F861A680F5B00A75B9A;
			remoteInfo = TMDB;
		};
/* End PBXContainerItemProxy section */

/* Begin PBXFileReference section */
		00E356EE1AD99517003FC87E /* TMDBTests.xctest */ = {isa = PBXFileReference; explicitFileType = wrapper.cfbundle; includeInIndex = 0; path = TMDBTests.xctest; sourceTree = BUILT_PRODUCTS_DIR; };
		00E356F11AD99517003FC87E /* Info.plist */ = {isa = PBXFileReference; lastKnownFileType = text.plist.xml; path = Info.plist; sourceTree = "<group>"; };
		00E356F21AD99517003FC87E /* TMDBTests.m */ = {isa = PBXFileReference; lastKnownFileType = sourcecode.c.objc; path = TMDBTests.m; sourceTree = "<group>"; };
		13B07F961A680F5B00A75B9A /* TMDB.app */ = {isa = PBXFileReference; explicitFileType = wrapper.application; includeInIndex = 0; path = TMDB.app; sourceTree = BUILT_PRODUCTS_DIR; };
		13B07FAF1A68108700A75B9A /* AppDelegate.h */ = {isa = PBXFileReference; fileEncoding = 4; lastKnownFileType = sourcecode.c.h; name = AppDelegate.h; path = TMDB/AppDelegate.h; sourceTree = "<group>"; };
		13B07FB01A68108700A75B9A /* AppDelegate.mm */ = {isa = PBXFileReference; fileEncoding = 4; lastKnownFileType = sourcecode.cpp.objcpp; name = AppDelegate.mm; path = TMDB/AppDelegate.mm; sourceTree = "<group>"; };
		13B07FB51A68108700A75B9A /* Images.xcassets */ = {isa = PBXFileReference; lastKnownFileType = folder.assetcatalog; name = Images.xcassets; path = TMDB/Images.xcassets; sourceTree = "<group>"; };
		13B07FB61A68108700A75B9A /* Info.plist */ = {isa = PBXFileReference; fileEncoding = 4; lastKnownFileType = text.plist.xml; name = Info.plist; path = TMDB/Info.plist; sourceTree = "<group>"; };
		13B07FB71A68108700A75B9A /* main.m */ = {isa = PBXFileReference; fileEncoding = 4; lastKnownFileType = sourcecode.c.objc; name = main.m; path = TMDB/main.m; sourceTree = "<group>"; };
		19F6CBCC0A4E27FBF8BF4A61 /* libPods-TMDB-TMDBTests.a */ = {isa = PBXFileReference; explicitFileType = archive.ar; includeInIndex = 0; path = "libPods-TMDB-TMDBTests.a"; sourceTree = BUILT_PRODUCTS_DIR; };
		3B4392A12AC88292D35C810B /* Pods-TMDB.debug.xcconfig */ = {isa = PBXFileReference; includeInIndex = 1; lastKnownFileType = text.xcconfig; name = "Pods-TMDB.debug.xcconfig"; path = "Target Support Files/Pods-TMDB/Pods-TMDB.debug.xcconfig"; sourceTree = "<group>"; };
		5709B34CF0A7D63546082F79 /* Pods-TMDB.release.xcconfig */ = {isa = PBXFileReference; includeInIndex = 1; lastKnownFileType = text.xcconfig; name = "Pods-TMDB.release.xcconfig"; path = "Target Support Files/Pods-TMDB/Pods-TMDB.release.xcconfig"; sourceTree = "<group>"; };
		5B7EB9410499542E8C5724F5 /* Pods-TMDB-TMDBTests.debug.xcconfig */ = {isa = PBXFileReference; includeInIndex = 1; lastKnownFileType = text.xcconfig; name = "Pods-TMDB-TMDBTests.debug.xcconfig"; path = "Target Support Files/Pods-TMDB-TMDBTests/Pods-TMDB-TMDBTests.debug.xcconfig"; sourceTree = "<group>"; };
		5DCACB8F33CDC322A6C60F78 /* libPods-TMDB.a */ = {isa = PBXFileReference; explicitFileType = archive.ar; includeInIndex = 0; path = "libPods-TMDB.a"; sourceTree = BUILT_PRODUCTS_DIR; };
		81AB9BB72411601600AC10FF /* LaunchScreen.storyboard */ = {isa = PBXFileReference; fileEncoding = 4; lastKnownFileType = file.storyboard; name = LaunchScreen.storyboard; path = TMDB/LaunchScreen.storyboard; sourceTree = "<group>"; };
		89C6BE57DB24E9ADA2F236DE /* Pods-TMDB-TMDBTests.release.xcconfig */ = {isa = PBXFileReference; includeInIndex = 1; lastKnownFileType = text.xcconfig; name = "Pods-TMDB-TMDBTests.release.xcconfig"; path = "Target Support Files/Pods-TMDB-TMDBTests/Pods-TMDB-TMDBTests.release.xcconfig"; sourceTree = "<group>"; };
		ED297162215061F000B7C4FE /* JavaScriptCore.framework */ = {isa = PBXFileReference; lastKnownFileType = wrapper.framework; name = JavaScriptCore.framework; path = System/Library/Frameworks/JavaScriptCore.framework; sourceTree = SDKROOT; };
		A2C910DA49A24843B9023A19 /* Merriweather-Black.ttf */ = {isa = PBXFileReference; name = "Merriweather-Black.ttf"; path = "../src/assets/fonts/Merriweather-Black.ttf"; sourceTree = "<group>"; fileEncoding = undefined; lastKnownFileType = unknown; explicitFileType = undefined; includeInIndex = 0; };
		1466851D97D84E7EA42E7F34 /* Merriweather-BlackItalic.ttf */ = {isa = PBXFileReference; name = "Merriweather-BlackItalic.ttf"; path = "../src/assets/fonts/Merriweather-BlackItalic.ttf"; sourceTree = "<group>"; fileEncoding = undefined; lastKnownFileType = unknown; explicitFileType = undefined; includeInIndex = 0; };
		55171555FEC2413782BB3B96 /* Merriweather-Bold.ttf */ = {isa = PBXFileReference; name = "Merriweather-Bold.ttf"; path = "../src/assets/fonts/Merriweather-Bold.ttf"; sourceTree = "<group>"; fileEncoding = undefined; lastKnownFileType = unknown; explicitFileType = undefined; includeInIndex = 0; };
		086D5E2493404B1FBDBD8771 /* Merriweather-BoldItalic.ttf */ = {isa = PBXFileReference; name = "Merriweather-BoldItalic.ttf"; path = "../src/assets/fonts/Merriweather-BoldItalic.ttf"; sourceTree = "<group>"; fileEncoding = undefined; lastKnownFileType = unknown; explicitFileType = undefined; includeInIndex = 0; };
		FE14160CA8954915BCB09644 /* Merriweather-Italic.ttf */ = {isa = PBXFileReference; name = "Merriweather-Italic.ttf"; path = "../src/assets/fonts/Merriweather-Italic.ttf"; sourceTree = "<group>"; fileEncoding = undefined; lastKnownFileType = unknown; explicitFileType = undefined; includeInIndex = 0; };
		F9023249D1184292A6F48CAF /* Merriweather-Light.ttf */ = {isa = PBXFileReference; name = "Merriweather-Light.ttf"; path = "../src/assets/fonts/Merriweather-Light.ttf"; sourceTree = "<group>"; fileEncoding = undefined; lastKnownFileType = unknown; explicitFileType = undefined; includeInIndex = 0; };
		C66D2957BC454A18A6E5277B /* Merriweather-LightItalic.ttf */ = {isa = PBXFileReference; name = "Merriweather-LightItalic.ttf"; path = "../src/assets/fonts/Merriweather-LightItalic.ttf"; sourceTree = "<group>"; fileEncoding = undefined; lastKnownFileType = unknown; explicitFileType = undefined; includeInIndex = 0; };
		2E2CB5E2B09F4B448EBF723E /* Merriweather-Regular.ttf */ = {isa = PBXFileReference; name = "Merriweather-Regular.ttf"; path = "../src/assets/fonts/Merriweather-Regular.ttf"; sourceTree = "<group>"; fileEncoding = undefined; lastKnownFileType = unknown; explicitFileType = undefined; includeInIndex = 0; };
		47599710082740FE9723C983 /* OFL.txt */ = {isa = PBXFileReference; name = "OFL.txt"; path = "../src/assets/fonts/OFL.txt"; sourceTree = "<group>"; fileEncoding = undefined; lastKnownFileType = unknown; explicitFileType = undefined; includeInIndex = 0; };
		A9D7106DBD564E5F8666D26F /* Mulish-Black.ttf */ = {isa = PBXFileReference; name = "Mulish-Black.ttf"; path = "../src/assets/fonts/Mulish-Black.ttf"; sourceTree = "<group>"; fileEncoding = undefined; lastKnownFileType = unknown; explicitFileType = undefined; includeInIndex = 0; };
		F20E17E9B7A144C89F526AD5 /* Mulish-BlackItalic.ttf */ = {isa = PBXFileReference; name = "Mulish-BlackItalic.ttf"; path = "../src/assets/fonts/Mulish-BlackItalic.ttf"; sourceTree = "<group>"; fileEncoding = undefined; lastKnownFileType = unknown; explicitFileType = undefined; includeInIndex = 0; };
		AB9AEC406902418A8D9F9999 /* Mulish-Bold.ttf */ = {isa = PBXFileReference; name = "Mulish-Bold.ttf"; path = "../src/assets/fonts/Mulish-Bold.ttf"; sourceTree = "<group>"; fileEncoding = undefined; lastKnownFileType = unknown; explicitFileType = undefined; includeInIndex = 0; };
		6288FF0AF92E467A8BFD6DCF /* Mulish-BoldItalic.ttf */ = {isa = PBXFileReference; name = "Mulish-BoldItalic.ttf"; path = "../src/assets/fonts/Mulish-BoldItalic.ttf"; sourceTree = "<group>"; fileEncoding = undefined; lastKnownFileType = unknown; explicitFileType = undefined; includeInIndex = 0; };
		5E67C1F8C379438A86755DFD /* Mulish-ExtraBold.ttf */ = {isa = PBXFileReference; name = "Mulish-ExtraBold.ttf"; path = "../src/assets/fonts/Mulish-ExtraBold.ttf"; sourceTree = "<group>"; fileEncoding = undefined; lastKnownFileType = unknown; explicitFileType = undefined; includeInIndex = 0; };
		735654B90EDC4019A31D7B34 /* Mulish-ExtraBoldItalic.ttf */ = {isa = PBXFileReference; name = "Mulish-ExtraBoldItalic.ttf"; path = "../src/assets/fonts/Mulish-ExtraBoldItalic.ttf"; sourceTree = "<group>"; fileEncoding = undefined; lastKnownFileType = unknown; explicitFileType = undefined; includeInIndex = 0; };
		5A80A6012BE64C768624ED63 /* Mulish-ExtraLight.ttf */ = {isa = PBXFileReference; name = "Mulish-ExtraLight.ttf"; path = "../src/assets/fonts/Mulish-ExtraLight.ttf"; sourceTree = "<group>"; fileEncoding = undefined; lastKnownFileType = unknown; explicitFileType = undefined; includeInIndex = 0; };
		9BD22651AF64497CA7E349E5 /* Mulish-ExtraLightItalic.ttf */ = {isa = PBXFileReference; name = "Mulish-ExtraLightItalic.ttf"; path = "../src/assets/fonts/Mulish-ExtraLightItalic.ttf"; sourceTree = "<group>"; fileEncoding = undefined; lastKnownFileType = unknown; explicitFileType = undefined; includeInIndex = 0; };
		54526D3296224E0B8392DF3D /* Mulish-Italic.ttf */ = {isa = PBXFileReference; name = "Mulish-Italic.ttf"; path = "../src/assets/fonts/Mulish-Italic.ttf"; sourceTree = "<group>"; fileEncoding = undefined; lastKnownFileType = unknown; explicitFileType = undefined; includeInIndex = 0; };
		DC877FFA3D534AC98BE2D191 /* Mulish-Light.ttf */ = {isa = PBXFileReference; name = "Mulish-Light.ttf"; path = "../src/assets/fonts/Mulish-Light.ttf"; sourceTree = "<group>"; fileEncoding = undefined; lastKnownFileType = unknown; explicitFileType = undefined; includeInIndex = 0; };
		685CB24D60AB4C6D9A382217 /* Mulish-LightItalic.ttf */ = {isa = PBXFileReference; name = "Mulish-LightItalic.ttf"; path = "../src/assets/fonts/Mulish-LightItalic.ttf"; sourceTree = "<group>"; fileEncoding = undefined; lastKnownFileType = unknown; explicitFileType = undefined; includeInIndex = 0; };
		BE68171802AD41D1AE60D68F /* Mulish-Medium.ttf */ = {isa = PBXFileReference; name = "Mulish-Medium.ttf"; path = "../src/assets/fonts/Mulish-Medium.ttf"; sourceTree = "<group>"; fileEncoding = undefined; lastKnownFileType = unknown; explicitFileType = undefined; includeInIndex = 0; };
		63552C78A87E44628FFB10AC /* Mulish-MediumItalic.ttf */ = {isa = PBXFileReference; name = "Mulish-MediumItalic.ttf"; path = "../src/assets/fonts/Mulish-MediumItalic.ttf"; sourceTree = "<group>"; fileEncoding = undefined; lastKnownFileType = unknown; explicitFileType = undefined; includeInIndex = 0; };
		3118841A858A45F3A8B26235 /* Mulish-Regular.ttf */ = {isa = PBXFileReference; name = "Mulish-Regular.ttf"; path = "../src/assets/fonts/Mulish-Regular.ttf"; sourceTree = "<group>"; fileEncoding = undefined; lastKnownFileType = unknown; explicitFileType = undefined; includeInIndex = 0; };
		330309EF96F94E368B92AC6F /* Mulish-SemiBold.ttf */ = {isa = PBXFileReference; name = "Mulish-SemiBold.ttf"; path = "../src/assets/fonts/Mulish-SemiBold.ttf"; sourceTree = "<group>"; fileEncoding = undefined; lastKnownFileType = unknown; explicitFileType = undefined; includeInIndex = 0; };
		4428B71AA18E47C9B1E806E2 /* Mulish-SemiBoldItalic.ttf */ = {isa = PBXFileReference; name = "Mulish-SemiBoldItalic.ttf"; path = "../src/assets/fonts/Mulish-SemiBoldItalic.ttf"; sourceTree = "<group>"; fileEncoding = undefined; lastKnownFileType = unknown; explicitFileType = undefined; includeInIndex = 0; };
/* End PBXFileReference section */

/* Begin PBXFrameworksBuildPhase section */
		00E356EB1AD99517003FC87E /* Frameworks */ = {
			isa = PBXFrameworksBuildPhase;
			buildActionMask = 2147483647;
			files = (
				7699B88040F8A987B510C191 /* libPods-TMDB-TMDBTests.a in Frameworks */,
			);
			runOnlyForDeploymentPostprocessing = 0;
		};
		13B07F8C1A680F5B00A75B9A /* Frameworks */ = {
			isa = PBXFrameworksBuildPhase;
			buildActionMask = 2147483647;
			files = (
				0C80B921A6F3F58F76C31292 /* libPods-TMDB.a in Frameworks */,
			);
			runOnlyForDeploymentPostprocessing = 0;
		};
/* End PBXFrameworksBuildPhase section */

/* Begin PBXGroup section */
		00E356EF1AD99517003FC87E /* TMDBTests */ = {
			isa = PBXGroup;
			children = (
				00E356F21AD99517003FC87E /* TMDBTests.m */,
				00E356F01AD99517003FC87E /* Supporting Files */,
			);
			path = TMDBTests;
			sourceTree = "<group>";
		};
		00E356F01AD99517003FC87E /* Supporting Files */ = {
			isa = PBXGroup;
			children = (
				00E356F11AD99517003FC87E /* Info.plist */,
			);
			name = "Supporting Files";
			sourceTree = "<group>";
		};
		13B07FAE1A68108700A75B9A /* TMDB */ = {
			isa = PBXGroup;
			children = (
				13B07FAF1A68108700A75B9A /* AppDelegate.h */,
				13B07FB01A68108700A75B9A /* AppDelegate.mm */,
				13B07FB51A68108700A75B9A /* Images.xcassets */,
				13B07FB61A68108700A75B9A /* Info.plist */,
				81AB9BB72411601600AC10FF /* LaunchScreen.storyboard */,
				13B07FB71A68108700A75B9A /* main.m */,
			);
			name = TMDB;
			sourceTree = "<group>";
		};
		2D16E6871FA4F8E400B85C8A /* Frameworks */ = {
			isa = PBXGroup;
			children = (
				ED297162215061F000B7C4FE /* JavaScriptCore.framework */,
				5DCACB8F33CDC322A6C60F78 /* libPods-TMDB.a */,
				19F6CBCC0A4E27FBF8BF4A61 /* libPods-TMDB-TMDBTests.a */,
			);
			name = Frameworks;
			sourceTree = "<group>";
		};
		832341AE1AAA6A7D00B99B32 /* Libraries */ = {
			isa = PBXGroup;
			children = (
			);
			name = Libraries;
			sourceTree = "<group>";
		};
		83CBB9F61A601CBA00E9B192 = {
			isa = PBXGroup;
			children = (
				13B07FAE1A68108700A75B9A /* TMDB */,
				832341AE1AAA6A7D00B99B32 /* Libraries */,
				00E356EF1AD99517003FC87E /* TMDBTests */,
				83CBBA001A601CBA00E9B192 /* Products */,
				2D16E6871FA4F8E400B85C8A /* Frameworks */,
				BBD78D7AC51CEA395F1C20DB /* Pods */,
				5DD8A17DADDE4B579A736505 /* Resources */,
			);
			indentWidth = 2;
			sourceTree = "<group>";
			tabWidth = 2;
			usesTabs = 0;
		};
		83CBBA001A601CBA00E9B192 /* Products */ = {
			isa = PBXGroup;
			children = (
				13B07F961A680F5B00A75B9A /* TMDB.app */,
				00E356EE1AD99517003FC87E /* TMDBTests.xctest */,
			);
			name = Products;
			sourceTree = "<group>";
		};
		BBD78D7AC51CEA395F1C20DB /* Pods */ = {
			isa = PBXGroup;
			children = (
				3B4392A12AC88292D35C810B /* Pods-TMDB.debug.xcconfig */,
				5709B34CF0A7D63546082F79 /* Pods-TMDB.release.xcconfig */,
				5B7EB9410499542E8C5724F5 /* Pods-TMDB-TMDBTests.debug.xcconfig */,
				89C6BE57DB24E9ADA2F236DE /* Pods-TMDB-TMDBTests.release.xcconfig */,
			);
			path = Pods;
			sourceTree = "<group>";
		};
		5DD8A17DADDE4B579A736505 /* Resources */ = {
			isa = "PBXGroup";
			children = (
				A2C910DA49A24843B9023A19 /* Merriweather-Black.ttf */,
				1466851D97D84E7EA42E7F34 /* Merriweather-BlackItalic.ttf */,
				55171555FEC2413782BB3B96 /* Merriweather-Bold.ttf */,
				086D5E2493404B1FBDBD8771 /* Merriweather-BoldItalic.ttf */,
				FE14160CA8954915BCB09644 /* Merriweather-Italic.ttf */,
				F9023249D1184292A6F48CAF /* Merriweather-Light.ttf */,
				C66D2957BC454A18A6E5277B /* Merriweather-LightItalic.ttf */,
				2E2CB5E2B09F4B448EBF723E /* Merriweather-Regular.ttf */,
				47599710082740FE9723C983 /* OFL.txt */,
				A9D7106DBD564E5F8666D26F /* Mulish-Black.ttf */,
				F20E17E9B7A144C89F526AD5 /* Mulish-BlackItalic.ttf */,
				AB9AEC406902418A8D9F9999 /* Mulish-Bold.ttf */,
				6288FF0AF92E467A8BFD6DCF /* Mulish-BoldItalic.ttf */,
				5E67C1F8C379438A86755DFD /* Mulish-ExtraBold.ttf */,
				735654B90EDC4019A31D7B34 /* Mulish-ExtraBoldItalic.ttf */,
				5A80A6012BE64C768624ED63 /* Mulish-ExtraLight.ttf */,
				9BD22651AF64497CA7E349E5 /* Mulish-ExtraLightItalic.ttf */,
				54526D3296224E0B8392DF3D /* Mulish-Italic.ttf */,
				DC877FFA3D534AC98BE2D191 /* Mulish-Light.ttf */,
				685CB24D60AB4C6D9A382217 /* Mulish-LightItalic.ttf */,
				BE68171802AD41D1AE60D68F /* Mulish-Medium.ttf */,
				63552C78A87E44628FFB10AC /* Mulish-MediumItalic.ttf */,
				3118841A858A45F3A8B26235 /* Mulish-Regular.ttf */,
				330309EF96F94E368B92AC6F /* Mulish-SemiBold.ttf */,
				4428B71AA18E47C9B1E806E2 /* Mulish-SemiBoldItalic.ttf */,
			);
			name = Resources;
			sourceTree = "<group>";
			path = "";
		};
/* End PBXGroup section */

/* Begin PBXNativeTarget section */
		00E356ED1AD99517003FC87E /* TMDBTests */ = {
			isa = PBXNativeTarget;
			buildConfigurationList = 00E357021AD99517003FC87E /* Build configuration list for PBXNativeTarget "TMDBTests" */;
			buildPhases = (
				A55EABD7B0C7F3A422A6CC61 /* [CP] Check Pods Manifest.lock */,
				00E356EA1AD99517003FC87E /* Sources */,
				00E356EB1AD99517003FC87E /* Frameworks */,
				00E356EC1AD99517003FC87E /* Resources */,
				C59DA0FBD6956966B86A3779 /* [CP] Embed Pods Frameworks */,
				F6A41C54EA430FDDC6A6ED99 /* [CP] Copy Pods Resources */,
			);
			buildRules = (
			);
			dependencies = (
				00E356F51AD99517003FC87E /* PBXTargetDependency */,
			);
			name = TMDBTests;
			productName = TMDBTests;
			productReference = 00E356EE1AD99517003FC87E /* TMDBTests.xctest */;
			productType = "com.apple.product-type.bundle.unit-test";
		};
		13B07F861A680F5B00A75B9A /* TMDB */ = {
			isa = PBXNativeTarget;
			buildConfigurationList = 13B07F931A680F5B00A75B9A /* Build configuration list for PBXNativeTarget "TMDB" */;
			buildPhases = (
				C38B50BA6285516D6DCD4F65 /* [CP] Check Pods Manifest.lock */,
				FD10A7F022414F080027D42C /* Start Packager */,
				13B07F871A680F5B00A75B9A /* Sources */,
				13B07F8C1A680F5B00A75B9A /* Frameworks */,
				13B07F8E1A680F5B00A75B9A /* Resources */,
				00DD1BFF1BD5951E006B06BC /* Bundle React Native code and images */,
				00EEFC60759A1932668264C0 /* [CP] Embed Pods Frameworks */,
				E235C05ADACE081382539298 /* [CP] Copy Pods Resources */,
			);
			buildRules = (
			);
			dependencies = (
			);
			name = TMDB;
			productName = TMDB;
			productReference = 13B07F961A680F5B00A75B9A /* TMDB.app */;
			productType = "com.apple.product-type.application";
		};
/* End PBXNativeTarget section */

/* Begin PBXProject section */
		83CBB9F71A601CBA00E9B192 /* Project object */ = {
			isa = PBXProject;
			attributes = {
				LastUpgradeCheck = 1210;
				TargetAttributes = {
					00E356ED1AD99517003FC87E = {
						CreatedOnToolsVersion = 6.2;
						TestTargetID = 13B07F861A680F5B00A75B9A;
					};
					13B07F861A680F5B00A75B9A = {
						LastSwiftMigration = 1120;
					};
				};
			};
			buildConfigurationList = 83CBB9FA1A601CBA00E9B192 /* Build configuration list for PBXProject "TMDB" */;
			compatibilityVersion = "Xcode 12.0";
			developmentRegion = en;
			hasScannedForEncodings = 0;
			knownRegions = (
				en,
				Base,
			);
			mainGroup = 83CBB9F61A601CBA00E9B192;
			productRefGroup = 83CBBA001A601CBA00E9B192 /* Products */;
			projectDirPath = "";
			projectRoot = "";
			targets = (
				13B07F861A680F5B00A75B9A /* TMDB */,
				00E356ED1AD99517003FC87E /* TMDBTests */,
			);
		};
/* End PBXProject section */

/* Begin PBXResourcesBuildPhase section */
		00E356EC1AD99517003FC87E /* Resources */ = {
			isa = PBXResourcesBuildPhase;
			buildActionMask = 2147483647;
			files = (
			);
			runOnlyForDeploymentPostprocessing = 0;
		};
		13B07F8E1A680F5B00A75B9A /* Resources */ = {
			isa = PBXResourcesBuildPhase;
			buildActionMask = 2147483647;
			files = (
				81AB9BB82411601600AC10FF /* LaunchScreen.storyboard in Resources */,
				13B07FBF1A68108700A75B9A /* Images.xcassets in Resources */,
				2F25712001B9415183836224 /* Merriweather-Black.ttf in Resources */,
				01BC99713E1F447B9EA435EC /* Merriweather-BlackItalic.ttf in Resources */,
				715FA21E594E47F495AA6D0A /* Merriweather-Bold.ttf in Resources */,
				AFA5669362564FEA9A8627BB /* Merriweather-BoldItalic.ttf in Resources */,
				D838303BA9AC410E86CC0BDD /* Merriweather-Italic.ttf in Resources */,
				01D6ADC746464A049B2B7A1A /* Merriweather-Light.ttf in Resources */,
				3AAB8C9D28CD414A921FFD60 /* Merriweather-LightItalic.ttf in Resources */,
				6BF62BAEF14149D5B9519274 /* Merriweather-Regular.ttf in Resources */,
				ED226AFEC20E431381553EE7 /* OFL.txt in Resources */,
				BD58F2125BD34ACC9D43C6C7 /* Mulish-Black.ttf in Resources */,
				6ACE92B59DE14B26806209CC /* Mulish-BlackItalic.ttf in Resources */,
				FC11728F71644A87ADED0D15 /* Mulish-Bold.ttf in Resources */,
				FD599352CFED4B8586B2A3B5 /* Mulish-BoldItalic.ttf in Resources */,
				C840AE40CC9549B592771FC5 /* Mulish-ExtraBold.ttf in Resources */,
				D0E3D85A8559474DACCE521A /* Mulish-ExtraBoldItalic.ttf in Resources */,
				AD9996121EBA411C811D61E2 /* Mulish-ExtraLight.ttf in Resources */,
				CB4FB34355744F5DB424E94B /* Mulish-ExtraLightItalic.ttf in Resources */,
				ABDFCB40BF8E4C738F5331BD /* Mulish-Italic.ttf in Resources */,
				1011CFBACDA84EAFB85FC2A0 /* Mulish-Light.ttf in Resources */,
				705088631C1F4D43ADD3E56B /* Mulish-LightItalic.ttf in Resources */,
				8E61B7B3F3B146A98BF82FD8 /* Mulish-Medium.ttf in Resources */,
				E2D021BFF34840ADBBBC0635 /* Mulish-MediumItalic.ttf in Resources */,
				1D1F85DE491F4048A3B3688A /* Mulish-Regular.ttf in Resources */,
				F4F5C49E7B014B3EBCD1CEEA /* Mulish-SemiBold.ttf in Resources */,
				00A18109B69149E3B33718AC /* Mulish-SemiBoldItalic.ttf in Resources */,
			);
			runOnlyForDeploymentPostprocessing = 0;
		};
/* End PBXResourcesBuildPhase section */

/* Begin PBXShellScriptBuildPhase section */
		00DD1BFF1BD5951E006B06BC /* Bundle React Native code and images */ = {
			isa = PBXShellScriptBuildPhase;
			buildActionMask = 2147483647;
			files = (
			);
			inputPaths = (
				"$(SRCROOT)/.xcode.env.local",
				"$(SRCROOT)/.xcode.env",
			);
			name = "Bundle React Native code and images";
			outputPaths = (
			);
			runOnlyForDeploymentPostprocessing = 0;
			shellPath = /bin/sh;
			shellScript = "set -e\n\nWITH_ENVIRONMENT=\"../node_modules/react-native/scripts/xcode/with-environment.sh\"\nREACT_NATIVE_XCODE=\"../node_modules/react-native/scripts/react-native-xcode.sh\"\n\n/bin/sh -c \"$WITH_ENVIRONMENT $REACT_NATIVE_XCODE\"\n";
		};
		00EEFC60759A1932668264C0 /* [CP] Embed Pods Frameworks */ = {
			isa = PBXShellScriptBuildPhase;
			buildActionMask = 2147483647;
			files = (
			);
			inputFileListPaths = (
				"${PODS_ROOT}/Target Support Files/Pods-TMDB/Pods-TMDB-frameworks-${CONFIGURATION}-input-files.xcfilelist",
			);
			name = "[CP] Embed Pods Frameworks";
			outputFileListPaths = (
				"${PODS_ROOT}/Target Support Files/Pods-TMDB/Pods-TMDB-frameworks-${CONFIGURATION}-output-files.xcfilelist",
			);
			runOnlyForDeploymentPostprocessing = 0;
			shellPath = /bin/sh;
			shellScript = "\"${PODS_ROOT}/Target Support Files/Pods-TMDB/Pods-TMDB-frameworks.sh\"\n";
			showEnvVarsInLog = 0;
		};
		A55EABD7B0C7F3A422A6CC61 /* [CP] Check Pods Manifest.lock */ = {
			isa = PBXShellScriptBuildPhase;
			buildActionMask = 2147483647;
			files = (
			);
			inputFileListPaths = (
			);
			inputPaths = (
				"${PODS_PODFILE_DIR_PATH}/Podfile.lock",
				"${PODS_ROOT}/Manifest.lock",
			);
			name = "[CP] Check Pods Manifest.lock";
			outputFileListPaths = (
			);
			outputPaths = (
				"$(DERIVED_FILE_DIR)/Pods-TMDB-TMDBTests-checkManifestLockResult.txt",
			);
			runOnlyForDeploymentPostprocessing = 0;
			shellPath = /bin/sh;
			shellScript = "diff \"${PODS_PODFILE_DIR_PATH}/Podfile.lock\" \"${PODS_ROOT}/Manifest.lock\" > /dev/null\nif [ $? != 0 ] ; then\n    # print error to STDERR\n    echo \"error: The sandbox is not in sync with the Podfile.lock. Run 'pod install' or update your CocoaPods installation.\" >&2\n    exit 1\nfi\n# This output is used by Xcode 'outputs' to avoid re-running this script phase.\necho \"SUCCESS\" > \"${SCRIPT_OUTPUT_FILE_0}\"\n";
			showEnvVarsInLog = 0;
		};
		C38B50BA6285516D6DCD4F65 /* [CP] Check Pods Manifest.lock */ = {
			isa = PBXShellScriptBuildPhase;
			buildActionMask = 2147483647;
			files = (
			);
			inputFileListPaths = (
			);
			inputPaths = (
				"${PODS_PODFILE_DIR_PATH}/Podfile.lock",
				"${PODS_ROOT}/Manifest.lock",
			);
			name = "[CP] Check Pods Manifest.lock";
			outputFileListPaths = (
			);
			outputPaths = (
				"$(DERIVED_FILE_DIR)/Pods-TMDB-checkManifestLockResult.txt",
			);
			runOnlyForDeploymentPostprocessing = 0;
			shellPath = /bin/sh;
			shellScript = "diff \"${PODS_PODFILE_DIR_PATH}/Podfile.lock\" \"${PODS_ROOT}/Manifest.lock\" > /dev/null\nif [ $? != 0 ] ; then\n    # print error to STDERR\n    echo \"error: The sandbox is not in sync with the Podfile.lock. Run 'pod install' or update your CocoaPods installation.\" >&2\n    exit 1\nfi\n# This output is used by Xcode 'outputs' to avoid re-running this script phase.\necho \"SUCCESS\" > \"${SCRIPT_OUTPUT_FILE_0}\"\n";
			showEnvVarsInLog = 0;
		};
		C59DA0FBD6956966B86A3779 /* [CP] Embed Pods Frameworks */ = {
			isa = PBXShellScriptBuildPhase;
			buildActionMask = 2147483647;
			files = (
			);
			inputFileListPaths = (
				"${PODS_ROOT}/Target Support Files/Pods-TMDB-TMDBTests/Pods-TMDB-TMDBTests-frameworks-${CONFIGURATION}-input-files.xcfilelist",
			);
			name = "[CP] Embed Pods Frameworks";
			outputFileListPaths = (
				"${PODS_ROOT}/Target Support Files/Pods-TMDB-TMDBTests/Pods-TMDB-TMDBTests-frameworks-${CONFIGURATION}-output-files.xcfilelist",
			);
			runOnlyForDeploymentPostprocessing = 0;
			shellPath = /bin/sh;
			shellScript = "\"${PODS_ROOT}/Target Support Files/Pods-TMDB-TMDBTests/Pods-TMDB-TMDBTests-frameworks.sh\"\n";
			showEnvVarsInLog = 0;
		};
		E235C05ADACE081382539298 /* [CP] Copy Pods Resources */ = {
			isa = PBXShellScriptBuildPhase;
			buildActionMask = 2147483647;
			files = (
			);
			inputFileListPaths = (
				"${PODS_ROOT}/Target Support Files/Pods-TMDB/Pods-TMDB-resources-${CONFIGURATION}-input-files.xcfilelist",
			);
			name = "[CP] Copy Pods Resources";
			outputFileListPaths = (
				"${PODS_ROOT}/Target Support Files/Pods-TMDB/Pods-TMDB-resources-${CONFIGURATION}-output-files.xcfilelist",
			);
			runOnlyForDeploymentPostprocessing = 0;
			shellPath = /bin/sh;
			shellScript = "\"${PODS_ROOT}/Target Support Files/Pods-TMDB/Pods-TMDB-resources.sh\"\n";
			showEnvVarsInLog = 0;
		};
		F6A41C54EA430FDDC6A6ED99 /* [CP] Copy Pods Resources */ = {
			isa = PBXShellScriptBuildPhase;
			buildActionMask = 2147483647;
			files = (
			);
			inputFileListPaths = (
				"${PODS_ROOT}/Target Support Files/Pods-TMDB-TMDBTests/Pods-TMDB-TMDBTests-resources-${CONFIGURATION}-input-files.xcfilelist",
			);
			name = "[CP] Copy Pods Resources";
			outputFileListPaths = (
				"${PODS_ROOT}/Target Support Files/Pods-TMDB-TMDBTests/Pods-TMDB-TMDBTests-resources-${CONFIGURATION}-output-files.xcfilelist",
			);
			runOnlyForDeploymentPostprocessing = 0;
			shellPath = /bin/sh;
			shellScript = "\"${PODS_ROOT}/Target Support Files/Pods-TMDB-TMDBTests/Pods-TMDB-TMDBTests-resources.sh\"\n";
			showEnvVarsInLog = 0;
		};
		FD10A7F022414F080027D42C /* Start Packager */ = {
			isa = PBXShellScriptBuildPhase;
			buildActionMask = 2147483647;
			files = (
			);
			inputFileListPaths = (
			);
			inputPaths = (
			);
			name = "Start Packager";
			outputFileListPaths = (
			);
			outputPaths = (
			);
			runOnlyForDeploymentPostprocessing = 0;
			shellPath = /bin/sh;
			shellScript = "export RCT_METRO_PORT=\"${RCT_METRO_PORT:=8081}\"\necho \"export RCT_METRO_PORT=${RCT_METRO_PORT}\" > \"${SRCROOT}/../node_modules/react-native/scripts/.packager.env\"\nif [ -z \"${RCT_NO_LAUNCH_PACKAGER+xxx}\" ] ; then\n  if nc -w 5 -z localhost ${RCT_METRO_PORT} ; then\n    if ! curl -s \"http://localhost:${RCT_METRO_PORT}/status\" | grep -q \"packager-status:running\" ; then\n      echo \"Port ${RCT_METRO_PORT} already in use, packager is either not running or not running correctly\"\n      exit 2\n    fi\n  else\n    open \"$SRCROOT/../node_modules/react-native/scripts/launchPackager.command\" || echo \"Can't start packager automatically\"\n  fi\nfi\n";
			showEnvVarsInLog = 0;
		};
/* End PBXShellScriptBuildPhase section */

/* Begin PBXSourcesBuildPhase section */
		00E356EA1AD99517003FC87E /* Sources */ = {
			isa = PBXSourcesBuildPhase;
			buildActionMask = 2147483647;
			files = (
				00E356F31AD99517003FC87E /* TMDBTests.m in Sources */,
			);
			runOnlyForDeploymentPostprocessing = 0;
		};
		13B07F871A680F5B00A75B9A /* Sources */ = {
			isa = PBXSourcesBuildPhase;
			buildActionMask = 2147483647;
			files = (
				13B07FBC1A68108700A75B9A /* AppDelegate.mm in Sources */,
				13B07FC11A68108700A75B9A /* main.m in Sources */,
			);
			runOnlyForDeploymentPostprocessing = 0;
		};
/* End PBXSourcesBuildPhase section */

/* Begin PBXTargetDependency section */
		00E356F51AD99517003FC87E /* PBXTargetDependency */ = {
			isa = PBXTargetDependency;
			target = 13B07F861A680F5B00A75B9A /* TMDB */;
			targetProxy = 00E356F41AD99517003FC87E /* PBXContainerItemProxy */;
		};
/* End PBXTargetDependency section */

/* Begin XCBuildConfiguration section */
		00E356F61AD99517003FC87E /* Debug */ = {
			isa = XCBuildConfiguration;
			baseConfigurationReference = 5B7EB9410499542E8C5724F5 /* Pods-TMDB-TMDBTests.debug.xcconfig */;
			buildSettings = {
				BUNDLE_LOADER = "$(TEST_HOST)";
				GCC_PREPROCESSOR_DEFINITIONS = (
					"DEBUG=1",
					"$(inherited)",
				);
				INFOPLIST_FILE = TMDBTests/Info.plist;
				IPHONEOS_DEPLOYMENT_TARGET = 12.4;
				LD_RUNPATH_SEARCH_PATHS = (
					"$(inherited)",
					"@executable_path/Frameworks",
					"@loader_path/Frameworks",
				);
				OTHER_LDFLAGS = (
					"-ObjC",
					"-lc++",
					"$(inherited)",
				);
				PRODUCT_BUNDLE_IDENTIFIER = "org.reactjs.native.example.$(PRODUCT_NAME:rfc1034identifier)";
				PRODUCT_NAME = "$(TARGET_NAME)";
				TEST_HOST = "$(BUILT_PRODUCTS_DIR)/TMDB.app/TMDB";
			};
			name = Debug;
		};
		00E356F71AD99517003FC87E /* Release */ = {
			isa = XCBuildConfiguration;
			baseConfigurationReference = 89C6BE57DB24E9ADA2F236DE /* Pods-TMDB-TMDBTests.release.xcconfig */;
			buildSettings = {
				BUNDLE_LOADER = "$(TEST_HOST)";
				COPY_PHASE_STRIP = NO;
				INFOPLIST_FILE = TMDBTests/Info.plist;
				IPHONEOS_DEPLOYMENT_TARGET = 12.4;
				LD_RUNPATH_SEARCH_PATHS = (
					"$(inherited)",
					"@executable_path/Frameworks",
					"@loader_path/Frameworks",
				);
				OTHER_LDFLAGS = (
					"-ObjC",
					"-lc++",
					"$(inherited)",
				);
				PRODUCT_BUNDLE_IDENTIFIER = "org.reactjs.native.example.$(PRODUCT_NAME:rfc1034identifier)";
				PRODUCT_NAME = "$(TARGET_NAME)";
				TEST_HOST = "$(BUILT_PRODUCTS_DIR)/TMDB.app/TMDB";
			};
			name = Release;
		};
		13B07F941A680F5B00A75B9A /* Debug */ = {
			isa = XCBuildConfiguration;
			baseConfigurationReference = 3B4392A12AC88292D35C810B /* Pods-TMDB.debug.xcconfig */;
			buildSettings = {
				ASSETCATALOG_COMPILER_APPICON_NAME = AppIcon;
				CLANG_ENABLE_MODULES = YES;
				CURRENT_PROJECT_VERSION = 1;
				ENABLE_BITCODE = NO;
				INFOPLIST_FILE = TMDB/Info.plist;
				LD_RUNPATH_SEARCH_PATHS = (
					"$(inherited)",
					"@executable_path/Frameworks",
				);
				OTHER_LDFLAGS = (
					"$(inherited)",
					"-ObjC",
					"-lc++",
				);
				PRODUCT_BUNDLE_IDENTIFIER = "org.reactjs.native.example.$(PRODUCT_NAME:rfc1034identifier)";
				PRODUCT_NAME = TMDB;
				SWIFT_OPTIMIZATION_LEVEL = "-Onone";
				SWIFT_VERSION = 5.0;
				VERSIONING_SYSTEM = "apple-generic";
			};
			name = Debug;
		};
		13B07F951A680F5B00A75B9A /* Release */ = {
			isa = XCBuildConfiguration;
			baseConfigurationReference = 5709B34CF0A7D63546082F79 /* Pods-TMDB.release.xcconfig */;
			buildSettings = {
				ASSETCATALOG_COMPILER_APPICON_NAME = AppIcon;
				CLANG_ENABLE_MODULES = YES;
				CURRENT_PROJECT_VERSION = 1;
				INFOPLIST_FILE = TMDB/Info.plist;
				LD_RUNPATH_SEARCH_PATHS = (
					"$(inherited)",
					"@executable_path/Frameworks",
				);
				OTHER_LDFLAGS = (
					"$(inherited)",
					"-ObjC",
					"-lc++",
				);
				PRODUCT_BUNDLE_IDENTIFIER = "org.reactjs.native.example.$(PRODUCT_NAME:rfc1034identifier)";
				PRODUCT_NAME = TMDB;
				SWIFT_VERSION = 5.0;
				VERSIONING_SYSTEM = "apple-generic";
			};
			name = Release;
		};
		83CBBA201A601CBA00E9B192 /* Debug */ = {
			isa = XCBuildConfiguration;
			buildSettings = {
				ALWAYS_SEARCH_USER_PATHS = NO;
				CLANG_ANALYZER_LOCALIZABILITY_NONLOCALIZED = YES;
				CLANG_CXX_LANGUAGE_STANDARD = "c++17";
				CLANG_CXX_LIBRARY = "libc++";
				CLANG_ENABLE_MODULES = YES;
				CLANG_ENABLE_OBJC_ARC = YES;
				CLANG_WARN_BLOCK_CAPTURE_AUTORELEASING = YES;
				CLANG_WARN_BOOL_CONVERSION = YES;
				CLANG_WARN_COMMA = YES;
				CLANG_WARN_CONSTANT_CONVERSION = YES;
				CLANG_WARN_DEPRECATED_OBJC_IMPLEMENTATIONS = YES;
				CLANG_WARN_DIRECT_OBJC_ISA_USAGE = YES_ERROR;
				CLANG_WARN_EMPTY_BODY = YES;
				CLANG_WARN_ENUM_CONVERSION = YES;
				CLANG_WARN_INFINITE_RECURSION = YES;
				CLANG_WARN_INT_CONVERSION = YES;
				CLANG_WARN_NON_LITERAL_NULL_CONVERSION = YES;
				CLANG_WARN_OBJC_IMPLICIT_RETAIN_SELF = YES;
				CLANG_WARN_OBJC_LITERAL_CONVERSION = YES;
				CLANG_WARN_OBJC_ROOT_CLASS = YES_ERROR;
				CLANG_WARN_QUOTED_INCLUDE_IN_FRAMEWORK_HEADER = YES;
				CLANG_WARN_RANGE_LOOP_ANALYSIS = YES;
				CLANG_WARN_STRICT_PROTOTYPES = YES;
				CLANG_WARN_SUSPICIOUS_MOVE = YES;
				CLANG_WARN_UNREACHABLE_CODE = YES;
				CLANG_WARN__DUPLICATE_METHOD_MATCH = YES;
				"CODE_SIGN_IDENTITY[sdk=iphoneos*]" = "iPhone Developer";
				COPY_PHASE_STRIP = NO;
				ENABLE_STRICT_OBJC_MSGSEND = YES;
				ENABLE_TESTABILITY = YES;
				"EXCLUDED_ARCHS[sdk=iphonesimulator*]" = "";
				GCC_C_LANGUAGE_STANDARD = gnu99;
				GCC_DYNAMIC_NO_PIC = NO;
				GCC_NO_COMMON_BLOCKS = YES;
				GCC_OPTIMIZATION_LEVEL = 0;
				GCC_PREPROCESSOR_DEFINITIONS = (
					"DEBUG=1",
					"$(inherited)",
				);
				GCC_SYMBOLS_PRIVATE_EXTERN = NO;
				GCC_WARN_64_TO_32_BIT_CONVERSION = YES;
				GCC_WARN_ABOUT_RETURN_TYPE = YES_ERROR;
				GCC_WARN_UNDECLARED_SELECTOR = YES;
				GCC_WARN_UNINITIALIZED_AUTOS = YES_AGGRESSIVE;
				GCC_WARN_UNUSED_FUNCTION = YES;
				GCC_WARN_UNUSED_VARIABLE = YES;
				IPHONEOS_DEPLOYMENT_TARGET = 12.4;
				LD_RUNPATH_SEARCH_PATHS = (
					/usr/lib/swift,
					"$(inherited)",
				);
				LIBRARY_SEARCH_PATHS = (
					"\"$(SDKROOT)/usr/lib/swift\"",
					"\"$(TOOLCHAIN_DIR)/usr/lib/swift/$(PLATFORM_NAME)\"",
					"\"$(inherited)\"",
				);
				MTL_ENABLE_DEBUG_INFO = YES;
				ONLY_ACTIVE_ARCH = YES;
				OTHER_CPLUSPLUSFLAGS = (
					"$(OTHER_CFLAGS)",
					"-DFOLLY_NO_CONFIG",
					"-DFOLLY_MOBILE=1",
					"-DFOLLY_USE_LIBCPP=1",
				);
				SDKROOT = iphoneos;
			};
			name = Debug;
		};
		83CBBA211A601CBA00E9B192 /* Release */ = {
			isa = XCBuildConfiguration;
			buildSettings = {
				ALWAYS_SEARCH_USER_PATHS = NO;
				CLANG_ANALYZER_LOCALIZABILITY_NONLOCALIZED = YES;
				CLANG_CXX_LANGUAGE_STANDARD = "c++17";
				CLANG_CXX_LIBRARY = "libc++";
				CLANG_ENABLE_MODULES = YES;
				CLANG_ENABLE_OBJC_ARC = YES;
				CLANG_WARN_BLOCK_CAPTURE_AUTORELEASING = YES;
				CLANG_WARN_BOOL_CONVERSION = YES;
				CLANG_WARN_COMMA = YES;
				CLANG_WARN_CONSTANT_CONVERSION = YES;
				CLANG_WARN_DEPRECATED_OBJC_IMPLEMENTATIONS = YES;
				CLANG_WARN_DIRECT_OBJC_ISA_USAGE = YES_ERROR;
				CLANG_WARN_EMPTY_BODY = YES;
				CLANG_WARN_ENUM_CONVERSION = YES;
				CLANG_WARN_INFINITE_RECURSION = YES;
				CLANG_WARN_INT_CONVERSION = YES;
				CLANG_WARN_NON_LITERAL_NULL_CONVERSION = YES;
				CLANG_WARN_OBJC_IMPLICIT_RETAIN_SELF = YES;
				CLANG_WARN_OBJC_LITERAL_CONVERSION = YES;
				CLANG_WARN_OBJC_ROOT_CLASS = YES_ERROR;
				CLANG_WARN_QUOTED_INCLUDE_IN_FRAMEWORK_HEADER = YES;
				CLANG_WARN_RANGE_LOOP_ANALYSIS = YES;
				CLANG_WARN_STRICT_PROTOTYPES = YES;
				CLANG_WARN_SUSPICIOUS_MOVE = YES;
				CLANG_WARN_UNREACHABLE_CODE = YES;
				CLANG_WARN__DUPLICATE_METHOD_MATCH = YES;
				"CODE_SIGN_IDENTITY[sdk=iphoneos*]" = "iPhone Developer";
				COPY_PHASE_STRIP = YES;
				ENABLE_NS_ASSERTIONS = NO;
				ENABLE_STRICT_OBJC_MSGSEND = YES;
				"EXCLUDED_ARCHS[sdk=iphonesimulator*]" = "";
				GCC_C_LANGUAGE_STANDARD = gnu99;
				GCC_NO_COMMON_BLOCKS = YES;
				GCC_WARN_64_TO_32_BIT_CONVERSION = YES;
				GCC_WARN_ABOUT_RETURN_TYPE = YES_ERROR;
				GCC_WARN_UNDECLARED_SELECTOR = YES;
				GCC_WARN_UNINITIALIZED_AUTOS = YES_AGGRESSIVE;
				GCC_WARN_UNUSED_FUNCTION = YES;
				GCC_WARN_UNUSED_VARIABLE = YES;
				IPHONEOS_DEPLOYMENT_TARGET = 12.4;
				LD_RUNPATH_SEARCH_PATHS = (
					/usr/lib/swift,
					"$(inherited)",
				);
				LIBRARY_SEARCH_PATHS = (
					"\"$(SDKROOT)/usr/lib/swift\"",
					"\"$(TOOLCHAIN_DIR)/usr/lib/swift/$(PLATFORM_NAME)\"",
					"\"$(inherited)\"",
				);
				MTL_ENABLE_DEBUG_INFO = NO;
				OTHER_CPLUSPLUSFLAGS = (
					"$(OTHER_CFLAGS)",
					"-DFOLLY_NO_CONFIG",
					"-DFOLLY_MOBILE=1",
					"-DFOLLY_USE_LIBCPP=1",
				);
				SDKROOT = iphoneos;
				VALIDATE_PRODUCT = YES;
			};
			name = Release;
		};
/* End XCBuildConfiguration section */

/* Begin XCConfigurationList section */
		00E357021AD99517003FC87E /* Build configuration list for PBXNativeTarget "TMDBTests" */ = {
			isa = XCConfigurationList;
			buildConfigurations = (
				00E356F61AD99517003FC87E /* Debug */,
				00E356F71AD99517003FC87E /* Release */,
			);
			defaultConfigurationIsVisible = 0;
			defaultConfigurationName = Release;
		};
		13B07F931A680F5B00A75B9A /* Build configuration list for PBXNativeTarget "TMDB" */ = {
			isa = XCConfigurationList;
			buildConfigurations = (
				13B07F941A680F5B00A75B9A /* Debug */,
				13B07F951A680F5B00A75B9A /* Release */,
			);
			defaultConfigurationIsVisible = 0;
			defaultConfigurationName = Release;
		};
		83CBB9FA1A601CBA00E9B192 /* Build configuration list for PBXProject "TMDB" */ = {
			isa = XCConfigurationList;
			buildConfigurations = (
				83CBBA201A601CBA00E9B192 /* Debug */,
				83CBBA211A601CBA00E9B192 /* Release */,
			);
			defaultConfigurationIsVisible = 0;
			defaultConfigurationName = Release;
		};
/* End XCConfigurationList section */
	};
	rootObject = 83CBB9F71A601CBA00E9B192 /* Project object */;
}
